# This file is autogenerated, do not edit; changes may be undone by the next 'dep ensure'.


[[projects]]
  branch = "master"
  name = "github.com/google/pprof"
  packages = ["profile"]
  revision = "40f98f839b4354c4bb3b237004b93afd26453b83"

[[projects]]
  name = "github.com/inconshreveable/mousetrap"
  packages = ["."]
  revision = "76626ae9c91c4f2a10f34cad8ce83ea42c93bb75"
  version = "v1.0"

[[projects]]
  branch = "master"
  name = "github.com/spf13/cobra"
  packages = ["."]
  revision = "b26b538f693051ac6518e65672de3144ce3fbedc"

[[projects]]
  name = "github.com/spf13/pflag"
  packages = ["."]
  revision = "e57e3eeb33f795204c1ca35f56c44f83227c6e66"
  version = "v1.0.0"

[solve-meta]
  analyzer-name = "dep"
  analyzer-version = 1
  inputs-digest = "3b0677944ca2841662d01b0560597c24e373290d1be5db2c410cd5a56188f1c6"
  solver-name = "gps-cdcl"
  solver-version = 1
